
Microsoft Visual Studio Solution File, Format Version 12.00
# Visual Studio Version 16
VisualStudioVersion = 16.0.31624.102
MinimumVisualStudioVersion = 10.0.40219.1
Project("{9A19103F-16F7-4668-BE54-9A1E7A4F7556}") = "AzureFunctions", "AzureFunctions.csproj", "{6980451D-1F32-4971-852D-CF76BB2870B6}"
EndProject
Global
	GlobalSection(SolutionConfigurationPlatforms) = preSolution
		Debug|Any CPU = Debug|Any CPU
		Release|Any CPU = Release|Any CPU
	EndGlobalSection
	GlobalSection(ProjectConfigurationPlatforms) = postSolution
		{6980451D-1F32-4971-852D-CF76BB2870B6}.Debug|Any CPU.ActiveCfg = Debug|Any CPU
		{6980451D-1F32-4971-852D-CF76BB2870B6}.Debug|Any CPU.Build.0 = Debug|Any CPU
		{6980451D-1F32-4971-852D-CF76BB2870B6}.Release|Any CPU.ActiveCfg = Release|Any CPU
		{6980451D-1F32-4971-852D-CF76BB2870B6}.Release|Any CPU.Build.0 = Release|Any CPU
	EndGlobalSection
	GlobalSection(SolutionProperties) = preSolution
		HideSolutionNode = FALSE
	EndGlobalSection
	GlobalSection(ExtensibilityGlobals) = postSolution
		SolutionGuid = {27AB667B-12B7-478F-8CE1-9BC67FDCC480}
	EndGlobalSection
EndGlobal
